
Microsoft Visual Studio Solution File, Format Version 12.00
# Visual Studio Version 16
VisualStudioVersion = 16.0.32002.261
MinimumVisualStudioVersion = 10.0.40219.1
Project("{FAE04EC0-301F-11D3-BF4B-00C04F79EFBC}") = "MyFirstASPNETWebApp", "MyFirstASPNETWebApp\MyFirstASPNETWebApp.csproj", "{9ADFAE71-4E00-4754-A1B0-6B169CEFD464}"
EndProject
Global
	GlobalSection(SolutionConfigurationPlatforms) = preSolution
		Debug|Any CPU = Debug|Any CPU
		Release|Any CPU = Release|Any CPU
	EndGlobalSection
	GlobalSection(ProjectConfigurationPlatforms) = postSolution
		{9ADFAE71-4E00-4754-A1B0-6B169CEFD464}.Debug|Any CPU.ActiveCfg = Debug|Any CPU
		{9ADFAE71-4E00-4754-A1B0-6B169CEFD464}.Debug|Any CPU.Build.0 = Debug|Any CPU
		{9ADFAE71-4E00-4754-A1B0-6B169CEFD464}.Release|Any CPU.ActiveCfg = Release|Any CPU
		{9ADFAE71-4E00-4754-A1B0-6B169CEFD464}.Release|Any CPU.Build.0 = Release|Any CPU
	EndGlobalSection
	GlobalSection(SolutionProperties) = preSolution
		HideSolutionNode = FALSE
	EndGlobalSection
	GlobalSection(ExtensibilityGlobals) = postSolution
		SolutionGuid = {208B3680-536C-40E3-9253-A276379996F4}
	EndGlobalSection
EndGlobal
